// !$*UTF8*$!
{
	archiveVersion = 1;
	classes = {
	};
	objectVersion = 46;
	objects = {

/* Begin PBXBuildFile section */
		63E3130E044BCA613F55A9CD /* Pods_SeshhSocial.framework in Frameworks */ = {isa = PBXBuildFile; fileRef = C501B3324A29937CFFE91A74 /* Pods_SeshhSocial.framework */; };
		CE0371911E52793C00828855 /* SignUpVC.swift in Sources */ = {isa = PBXBuildFile; fileRef = CE0371901E52793C00828855 /* SignUpVC.swift */; };
		CE0371931E567D1B00828855 /* ProfileImageView.swift in Sources */ = {isa = PBXBuildFile; fileRef = CE0371921E567D1B00828855 /* ProfileImageView.swift */; };
		CE0371951E5749A300828855 /* HomeScreenVC.swift in Sources */ = {isa = PBXBuildFile; fileRef = CE0371941E5749A300828855 /* HomeScreenVC.swift */; };
		CE0371971E5749CC00828855 /* SeshhFeedVC.swift in Sources */ = {isa = PBXBuildFile; fileRef = CE0371961E5749CC00828855 /* SeshhFeedVC.swift */; };
		CE0371991E5749E600828855 /* CheckInVC.swift in Sources */ = {isa = PBXBuildFile; fileRef = CE0371981E5749E600828855 /* CheckInVC.swift */; };
		CE03719B1E59799E00828855 /* PostCell.swift in Sources */ = {isa = PBXBuildFile; fileRef = CE03719A1E59799E00828855 /* PostCell.swift */; };
		CE03719E1E5A1FAD00828855 /* DataService.swift in Sources */ = {isa = PBXBuildFile; fileRef = CE03719D1E5A1FAD00828855 /* DataService.swift */; };
		CE0371A01E5A454900828855 /* Post.swift in Sources */ = {isa = PBXBuildFile; fileRef = CE03719F1E5A454900828855 /* Post.swift */; };
		CE0371C21E5D51D400828855 /* HeaderView.swift in Sources */ = {isa = PBXBuildFile; fileRef = CE0371C11E5D51D400828855 /* HeaderView.swift */; };
		CEB04B0B1E5E6F090081293E /* WhosOnTheSeshhVC.swift in Sources */ = {isa = PBXBuildFile; fileRef = CEB04B0A1E5E6F090081293E /* WhosOnTheSeshhVC.swift */; };
		CEB04B1E1E5E7D420081293E /* GeoFire.m in Sources */ = {isa = PBXBuildFile; fileRef = CEB04B151E5E7D420081293E /* GeoFire.m */; };
		CEB04B1F1E5E7D420081293E /* GFBase32Utils.m in Sources */ = {isa = PBXBuildFile; fileRef = CEB04B171E5E7D420081293E /* GFBase32Utils.m */; };
		CEB04B201E5E7D420081293E /* GFGeoHash.m in Sources */ = {isa = PBXBuildFile; fileRef = CEB04B191E5E7D420081293E /* GFGeoHash.m */; };
		CEB04B211E5E7D420081293E /* GFGeoHashQuery.m in Sources */ = {isa = PBXBuildFile; fileRef = CEB04B1B1E5E7D420081293E /* GFGeoHashQuery.m */; };
		CEB04B221E5E7D420081293E /* GFQuery.m in Sources */ = {isa = PBXBuildFile; fileRef = CEB04B1D1E5E7D420081293E /* GFQuery.m */; };
		CEB04B251E5F803C0081293E /* SeshhAnnotation.swift in Sources */ = {isa = PBXBuildFile; fileRef = CEB04B241E5F803C0081293E /* SeshhAnnotation.swift */; };
		CEB04B271E5FE9D00081293E /* SeshhScreenVC.swift in Sources */ = {isa = PBXBuildFile; fileRef = CEB04B261E5FE9D00081293E /* SeshhScreenVC.swift */; };
		CEFE81361E5213B50044B134 /* AppDelegate.swift in Sources */ = {isa = PBXBuildFile; fileRef = CEFE81351E5213B50044B134 /* AppDelegate.swift */; };
		CEFE81381E5213B50044B134 /* SignInVC.swift in Sources */ = {isa = PBXBuildFile; fileRef = CEFE81371E5213B50044B134 /* SignInVC.swift */; };
		CEFE813B1E5213B50044B134 /* Main.storyboard in Resources */ = {isa = PBXBuildFile; fileRef = CEFE81391E5213B50044B134 /* Main.storyboard */; };
		CEFE813D1E5213B50044B134 /* Assets.xcassets in Resources */ = {isa = PBXBuildFile; fileRef = CEFE813C1E5213B50044B134 /* Assets.xcassets */; };
		CEFE81401E5213B50044B134 /* LaunchScreen.storyboard in Resources */ = {isa = PBXBuildFile; fileRef = CEFE813E1E5213B50044B134 /* LaunchScreen.storyboard */; };
		CEFE81481E5214B00044B134 /* GoogleService-Info.plist in Resources */ = {isa = PBXBuildFile; fileRef = CEFE81471E5214B00044B134 /* GoogleService-Info.plist */; };
		CEFE814D1E5234CE0044B134 /* StandardDisplayView.swift in Sources */ = {isa = PBXBuildFile; fileRef = CEFE814C1E5234CE0044B134 /* StandardDisplayView.swift */; };
		CEFE81501E52358A0044B134 /* Constants.swift in Sources */ = {isa = PBXBuildFile; fileRef = CEFE814F1E52358A0044B134 /* Constants.swift */; };
		CEFE81521E523A890044B134 /* RoundButton.swift in Sources */ = {isa = PBXBuildFile; fileRef = CEFE81511E523A890044B134 /* RoundButton.swift */; };
		CEFE81541E523D3C0044B134 /* ModifiedTextField.swift in Sources */ = {isa = PBXBuildFile; fileRef = CEFE81531E523D3C0044B134 /* ModifiedTextField.swift */; };
/* End PBXBuildFile section */

/* Begin PBXFileReference section */
		5BC85F21E9E31774F25FE87F /* Pods-SeshhSocial.debug.xcconfig */ = {isa = PBXFileReference; includeInIndex = 1; lastKnownFileType = text.xcconfig; name = "Pods-SeshhSocial.debug.xcconfig"; path = "Pods/Target Support Files/Pods-SeshhSocial/Pods-SeshhSocial.debug.xcconfig"; sourceTree = "<group>"; };
		C501B3324A29937CFFE91A74 /* Pods_SeshhSocial.framework */ = {isa = PBXFileReference; explicitFileType = wrapper.framework; includeInIndex = 0; path = Pods_SeshhSocial.framework; sourceTree = BUILT_PRODUCTS_DIR; };
		CE0371901E52793C00828855 /* SignUpVC.swift */ = {isa = PBXFileReference; fileEncoding = 4; lastKnownFileType = sourcecode.swift; path = SignUpVC.swift; sourceTree = "<group>"; };
		CE0371921E567D1B00828855 /* ProfileImageView.swift */ = {isa = PBXFileReference; fileEncoding = 4; lastKnownFileType = sourcecode.swift; path = ProfileImageView.swift; sourceTree = "<group>"; };
		CE0371941E5749A300828855 /* HomeScreenVC.swift */ = {isa = PBXFileReference; fileEncoding = 4; lastKnownFileType = sourcecode.swift; path = HomeScreenVC.swift; sourceTree = "<group>"; };
		CE0371961E5749CC00828855 /* SeshhFeedVC.swift */ = {isa = PBXFileReference; fileEncoding = 4; lastKnownFileType = sourcecode.swift; path = SeshhFeedVC.swift; sourceTree = "<group>"; };
		CE0371981E5749E600828855 /* CheckInVC.swift */ = {isa = PBXFileReference; fileEncoding = 4; lastKnownFileType = sourcecode.swift; path = CheckInVC.swift; sourceTree = "<group>"; };
		CE03719A1E59799E00828855 /* PostCell.swift */ = {isa = PBXFileReference; fileEncoding = 4; lastKnownFileType = sourcecode.swift; path = PostCell.swift; sourceTree = "<group>"; };
		CE03719D1E5A1FAD00828855 /* DataService.swift */ = {isa = PBXFileReference; fileEncoding = 4; lastKnownFileType = sourcecode.swift; path = DataService.swift; sourceTree = "<group>"; };
		CE03719F1E5A454900828855 /* Post.swift */ = {isa = PBXFileReference; fileEncoding = 4; lastKnownFileType = sourcecode.swift; path = Post.swift; sourceTree = "<group>"; };
		CE0371C11E5D51D400828855 /* HeaderView.swift */ = {isa = PBXFileReference; fileEncoding = 4; lastKnownFileType = sourcecode.swift; path = HeaderView.swift; sourceTree = "<group>"; };
		CEB04B0A1E5E6F090081293E /* WhosOnTheSeshhVC.swift */ = {isa = PBXFileReference; fileEncoding = 4; lastKnownFileType = sourcecode.swift; path = WhosOnTheSeshhVC.swift; sourceTree = "<group>"; };
		CEB04B0E1E5E7D420081293E /* GeoFire.h */ = {isa = PBXFileReference; fileEncoding = 4; lastKnownFileType = sourcecode.c.h; path = GeoFire.h; sourceTree = "<group>"; };
		CEB04B0F1E5E7D420081293E /* GFCircleQuery.h */ = {isa = PBXFileReference; fileEncoding = 4; lastKnownFileType = sourcecode.c.h; path = GFCircleQuery.h; sourceTree = "<group>"; };
		CEB04B101E5E7D420081293E /* GFQuery.h */ = {isa = PBXFileReference; fileEncoding = 4; lastKnownFileType = sourcecode.c.h; path = GFQuery.h; sourceTree = "<group>"; };
		CEB04B111E5E7D420081293E /* GFRegionQuery.h */ = {isa = PBXFileReference; fileEncoding = 4; lastKnownFileType = sourcecode.c.h; path = GFRegionQuery.h; sourceTree = "<group>"; };
		CEB04B121E5E7D420081293E /* GeoFire-Prefix.pch */ = {isa = PBXFileReference; fileEncoding = 4; lastKnownFileType = sourcecode.c.h; path = "GeoFire-Prefix.pch"; sourceTree = "<group>"; };
		CEB04B141E5E7D420081293E /* GeoFire+Private.h */ = {isa = PBXFileReference; fileEncoding = 4; lastKnownFileType = sourcecode.c.h; path = "GeoFire+Private.h"; sourceTree = "<group>"; };
		CEB04B151E5E7D420081293E /* GeoFire.m */ = {isa = PBXFileReference; fileEncoding = 4; lastKnownFileType = sourcecode.c.objc; path = GeoFire.m; sourceTree = "<group>"; };
		CEB04B161E5E7D420081293E /* GFBase32Utils.h */ = {isa = PBXFileReference; fileEncoding = 4; lastKnownFileType = sourcecode.c.h; path = GFBase32Utils.h; sourceTree = "<group>"; };
		CEB04B171E5E7D420081293E /* GFBase32Utils.m */ = {isa = PBXFileReference; fileEncoding = 4; lastKnownFileType = sourcecode.c.objc; path = GFBase32Utils.m; sourceTree = "<group>"; };
		CEB04B181E5E7D420081293E /* GFGeoHash.h */ = {isa = PBXFileReference; fileEncoding = 4; lastKnownFileType = sourcecode.c.h; path = GFGeoHash.h; sourceTree = "<group>"; };
		CEB04B191E5E7D420081293E /* GFGeoHash.m */ = {isa = PBXFileReference; fileEncoding = 4; lastKnownFileType = sourcecode.c.objc; path = GFGeoHash.m; sourceTree = "<group>"; };
		CEB04B1A1E5E7D420081293E /* GFGeoHashQuery.h */ = {isa = PBXFileReference; fileEncoding = 4; lastKnownFileType = sourcecode.c.h; path = GFGeoHashQuery.h; sourceTree = "<group>"; };
		CEB04B1B1E5E7D420081293E /* GFGeoHashQuery.m */ = {isa = PBXFileReference; fileEncoding = 4; lastKnownFileType = sourcecode.c.objc; path = GFGeoHashQuery.m; sourceTree = "<group>"; };
		CEB04B1C1E5E7D420081293E /* GFQuery+Private.h */ = {isa = PBXFileReference; fileEncoding = 4; lastKnownFileType = sourcecode.c.h; path = "GFQuery+Private.h"; sourceTree = "<group>"; };
		CEB04B1D1E5E7D420081293E /* GFQuery.m */ = {isa = PBXFileReference; fileEncoding = 4; lastKnownFileType = sourcecode.c.objc; path = GFQuery.m; sourceTree = "<group>"; };
		CEB04B231E5E7EEF0081293E /* SeshhSocial-Bridging-Header.h */ = {isa = PBXFileReference; fileEncoding = 4; lastKnownFileType = sourcecode.c.h; path = "SeshhSocial-Bridging-Header.h"; sourceTree = "<group>"; };
		CEB04B241E5F803C0081293E /* SeshhAnnotation.swift */ = {isa = PBXFileReference; fileEncoding = 4; lastKnownFileType = sourcecode.swift; path = SeshhAnnotation.swift; sourceTree = "<group>"; };
		CEB04B261E5FE9D00081293E /* SeshhScreenVC.swift */ = {isa = PBXFileReference; fileEncoding = 4; lastKnownFileType = sourcecode.swift; path = SeshhScreenVC.swift; sourceTree = "<group>"; };
		CEFE81321E5213B40044B134 /* SeshhSocial.app */ = {isa = PBXFileReference; explicitFileType = wrapper.application; includeInIndex = 0; path = SeshhSocial.app; sourceTree = BUILT_PRODUCTS_DIR; };
		CEFE81351E5213B50044B134 /* AppDelegate.swift */ = {isa = PBXFileReference; lastKnownFileType = sourcecode.swift; path = AppDelegate.swift; sourceTree = "<group>"; };
		CEFE81371E5213B50044B134 /* SignInVC.swift */ = {isa = PBXFileReference; lastKnownFileType = sourcecode.swift; path = SignInVC.swift; sourceTree = "<group>"; };
		CEFE813A1E5213B50044B134 /* Base */ = {isa = PBXFileReference; lastKnownFileType = file.storyboard; name = Base; path = Base.lproj/Main.storyboard; sourceTree = "<group>"; };
		CEFE813C1E5213B50044B134 /* Assets.xcassets */ = {isa = PBXFileReference; lastKnownFileType = folder.assetcatalog; path = Assets.xcassets; sourceTree = "<group>"; };
		CEFE813F1E5213B50044B134 /* Base */ = {isa = PBXFileReference; lastKnownFileType = file.storyboard; name = Base; path = Base.lproj/LaunchScreen.storyboard; sourceTree = "<group>"; };
		CEFE81411E5213B50044B134 /* Info.plist */ = {isa = PBXFileReference; lastKnownFileType = text.plist.xml; path = Info.plist; sourceTree = "<group>"; };
		CEFE81471E5214B00044B134 /* GoogleService-Info.plist */ = {isa = PBXFileReference; fileEncoding = 4; lastKnownFileType = text.plist.xml; path = "GoogleService-Info.plist"; sourceTree = "<group>"; };
		CEFE814C1E5234CE0044B134 /* StandardDisplayView.swift */ = {isa = PBXFileReference; fileEncoding = 4; lastKnownFileType = sourcecode.swift; path = StandardDisplayView.swift; sourceTree = "<group>"; };
		CEFE814F1E52358A0044B134 /* Constants.swift */ = {isa = PBXFileReference; fileEncoding = 4; lastKnownFileType = sourcecode.swift; path = Constants.swift; sourceTree = "<group>"; };
		CEFE81511E523A890044B134 /* RoundButton.swift */ = {isa = PBXFileReference; fileEncoding = 4; lastKnownFileType = sourcecode.swift; path = RoundButton.swift; sourceTree = "<group>"; };
		CEFE81531E523D3C0044B134 /* ModifiedTextField.swift */ = {isa = PBXFileReference; fileEncoding = 4; lastKnownFileType = sourcecode.swift; path = ModifiedTextField.swift; sourceTree = "<group>"; };
		F5EAA009A4D5604E3F6918C6 /* Pods-SeshhSocial.release.xcconfig */ = {isa = PBXFileReference; includeInIndex = 1; lastKnownFileType = text.xcconfig; name = "Pods-SeshhSocial.release.xcconfig"; path = "Pods/Target Support Files/Pods-SeshhSocial/Pods-SeshhSocial.release.xcconfig"; sourceTree = "<group>"; };
/* End PBXFileReference section */

/* Begin PBXFrameworksBuildPhase section */
		CEFE812F1E5213B40044B134 /* Frameworks */ = {
			isa = PBXFrameworksBuildPhase;
			buildActionMask = 2147483647;
			files = (
				63E3130E044BCA613F55A9CD /* Pods_SeshhSocial.framework in Frameworks */,
			);
			runOnlyForDeploymentPostprocessing = 0;
		};
/* End PBXFrameworksBuildPhase section */

/* Begin PBXGroup section */
		479B80D5785A021EC5146160 /* Frameworks */ = {
			isa = PBXGroup;
			children = (
				C501B3324A29937CFFE91A74 /* Pods_SeshhSocial.framework */,
			);
			name = Frameworks;
			sourceTree = "<group>";
		};
		7135018C992044AB3ED4EBBE /* Pods */ = {
			isa = PBXGroup;
			children = (
				5BC85F21E9E31774F25FE87F /* Pods-SeshhSocial.debug.xcconfig */,
				F5EAA009A4D5604E3F6918C6 /* Pods-SeshhSocial.release.xcconfig */,
			);
			name = Pods;
			sourceTree = "<group>";
		};
		CE03719C1E5A1F7F00828855 /* Services */ = {
			isa = PBXGroup;
			children = (
				CE03719D1E5A1FAD00828855 /* DataService.swift */,
			);
			name = Services;
			sourceTree = "<group>";
		};
		CEB04B0C1E5E7D420081293E /* GeoFire */ = {
			isa = PBXGroup;
			children = (
				CEB04B0D1E5E7D420081293E /* API */,
				CEB04B121E5E7D420081293E /* GeoFire-Prefix.pch */,
				CEB04B131E5E7D420081293E /* Implementation */,
			);
			path = GeoFire;
			sourceTree = "<group>";
		};
		CEB04B0D1E5E7D420081293E /* API */ = {
			isa = PBXGroup;
			children = (
				CEB04B0E1E5E7D420081293E /* GeoFire.h */,
				CEB04B0F1E5E7D420081293E /* GFCircleQuery.h */,
				CEB04B101E5E7D420081293E /* GFQuery.h */,
				CEB04B111E5E7D420081293E /* GFRegionQuery.h */,
			);
			path = API;
			sourceTree = "<group>";
		};
		CEB04B131E5E7D420081293E /* Implementation */ = {
			isa = PBXGroup;
			children = (
				CEB04B141E5E7D420081293E /* GeoFire+Private.h */,
				CEB04B151E5E7D420081293E /* GeoFire.m */,
				CEB04B161E5E7D420081293E /* GFBase32Utils.h */,
				CEB04B171E5E7D420081293E /* GFBase32Utils.m */,
				CEB04B181E5E7D420081293E /* GFGeoHash.h */,
				CEB04B191E5E7D420081293E /* GFGeoHash.m */,
				CEB04B1A1E5E7D420081293E /* GFGeoHashQuery.h */,
				CEB04B1B1E5E7D420081293E /* GFGeoHashQuery.m */,
				CEB04B1C1E5E7D420081293E /* GFQuery+Private.h */,
				CEB04B1D1E5E7D420081293E /* GFQuery.m */,
			);
			path = Implementation;
			sourceTree = "<group>";
		};
		CEFE81291E5213B40044B134 = {
			isa = PBXGroup;
			children = (
				CEFE81341E5213B40044B134 /* SeshhSocial */,
				CEFE81331E5213B40044B134 /* Products */,
				7135018C992044AB3ED4EBBE /* Pods */,
				479B80D5785A021EC5146160 /* Frameworks */,
			);
			sourceTree = "<group>";
		};
		CEFE81331E5213B40044B134 /* Products */ = {
			isa = PBXGroup;
			children = (
				CEFE81321E5213B40044B134 /* SeshhSocial.app */,
			);
			name = Products;
			sourceTree = "<group>";
		};
		CEFE81341E5213B40044B134 /* SeshhSocial */ = {
			isa = PBXGroup;
			children = (
				CEB04B0C1E5E7D420081293E /* GeoFire */,
				CE03719C1E5A1F7F00828855 /* Services */,
				CEFE814E1E5235770044B134 /* Util */,
				CEFE814B1E52184C0044B134 /* Controller */,
				CEFE814A1E5218460044B134 /* View */,
				CEFE81491E52183F0044B134 /* Model */,
				CEFE81351E5213B50044B134 /* AppDelegate.swift */,
				CEFE81391E5213B50044B134 /* Main.storyboard */,
				CEFE813C1E5213B50044B134 /* Assets.xcassets */,
				CEFE813E1E5213B50044B134 /* LaunchScreen.storyboard */,
				CEFE81471E5214B00044B134 /* GoogleService-Info.plist */,
				CEFE81411E5213B50044B134 /* Info.plist */,
				CEB04B231E5E7EEF0081293E /* SeshhSocial-Bridging-Header.h */,
			);
			path = SeshhSocial;
			sourceTree = "<group>";
		};
		CEFE81491E52183F0044B134 /* Model */ = {
			isa = PBXGroup;
			children = (
				CE03719F1E5A454900828855 /* Post.swift */,
				CEB04B241E5F803C0081293E /* SeshhAnnotation.swift */,
			);
			name = Model;
			sourceTree = "<group>";
		};
		CEFE814A1E5218460044B134 /* View */ = {
			isa = PBXGroup;
			children = (
				CEFE814C1E5234CE0044B134 /* StandardDisplayView.swift */,
				CEFE81511E523A890044B134 /* RoundButton.swift */,
				CEFE81531E523D3C0044B134 /* ModifiedTextField.swift */,
				CE0371921E567D1B00828855 /* ProfileImageView.swift */,
				CE03719A1E59799E00828855 /* PostCell.swift */,
				CE0371C11E5D51D400828855 /* HeaderView.swift */,
			);
			name = View;
			sourceTree = "<group>";
		};
		CEFE814B1E52184C0044B134 /* Controller */ = {
			isa = PBXGroup;
			children = (
				CEFE81371E5213B50044B134 /* SignInVC.swift */,
				CE0371941E5749A300828855 /* HomeScreenVC.swift */,
				CE0371961E5749CC00828855 /* SeshhFeedVC.swift */,
				CE0371981E5749E600828855 /* CheckInVC.swift */,
				CE0371901E52793C00828855 /* SignUpVC.swift */,
				CEB04B0A1E5E6F090081293E /* WhosOnTheSeshhVC.swift */,
				CEB04B261E5FE9D00081293E /* SeshhScreenVC.swift */,
			);
			name = Controller;
			sourceTree = "<group>";
		};
		CEFE814E1E5235770044B134 /* Util */ = {
			isa = PBXGroup;
			children = (
				CEFE814F1E52358A0044B134 /* Constants.swift */,
			);
			name = Util;
			sourceTree = "<group>";
		};
/* End PBXGroup section */

/* Begin PBXNativeTarget section */
		CEFE81311E5213B40044B134 /* SeshhSocial */ = {
			isa = PBXNativeTarget;
			buildConfigurationList = CEFE81441E5213B50044B134 /* Build configuration list for PBXNativeTarget "SeshhSocial" */;
			buildPhases = (
				6C903DD958E0A31AAF3EA5BE /* [CP] Check Pods Manifest.lock */,
				CEFE812E1E5213B40044B134 /* Sources */,
				CEFE812F1E5213B40044B134 /* Frameworks */,
				CEFE81301E5213B40044B134 /* Resources */,
				4389297B76F3AFC6BD0F0CA7 /* [CP] Embed Pods Frameworks */,
				4309A0C2505025F66BBB2314 /* [CP] Copy Pods Resources */,
			);
			buildRules = (
			);
			dependencies = (
			);
			name = SeshhSocial;
			productName = SeshhSocial;
			productReference = CEFE81321E5213B40044B134 /* SeshhSocial.app */;
			productType = "com.apple.product-type.application";
		};
/* End PBXNativeTarget section */

/* Begin PBXProject section */
		CEFE812A1E5213B40044B134 /* Project object */ = {
			isa = PBXProject;
			attributes = {
				LastSwiftUpdateCheck = 0820;
				LastUpgradeCheck = 0820;
				ORGANIZATIONNAME = OGCompany;
				TargetAttributes = {
					CEFE81311E5213B40044B134 = {
						CreatedOnToolsVersion = 8.2.1;
						DevelopmentTeam = MPDGGLB3DM;
						ProvisioningStyle = Automatic;
					};
				};
			};
			buildConfigurationList = CEFE812D1E5213B40044B134 /* Build configuration list for PBXProject "SeshhSocial" */;
			compatibilityVersion = "Xcode 3.2";
			developmentRegion = English;
			hasScannedForEncodings = 0;
			knownRegions = (
				en,
				Base,
			);
			mainGroup = CEFE81291E5213B40044B134;
			productRefGroup = CEFE81331E5213B40044B134 /* Products */;
			projectDirPath = "";
			projectRoot = "";
			targets = (
				CEFE81311E5213B40044B134 /* SeshhSocial */,
			);
		};
/* End PBXProject section */

/* Begin PBXResourcesBuildPhase section */
		CEFE81301E5213B40044B134 /* Resources */ = {
			isa = PBXResourcesBuildPhase;
			buildActionMask = 2147483647;
			files = (
				CEFE81401E5213B50044B134 /* LaunchScreen.storyboard in Resources */,
				CEFE81481E5214B00044B134 /* GoogleService-Info.plist in Resources */,
				CEFE813D1E5213B50044B134 /* Assets.xcassets in Resources */,
				CEFE813B1E5213B50044B134 /* Main.storyboard in Resources */,
			);
			runOnlyForDeploymentPostprocessing = 0;
		};
/* End PBXResourcesBuildPhase section */

/* Begin PBXShellScriptBuildPhase section */
		4309A0C2505025F66BBB2314 /* [CP] Copy Pods Resources */ = {
			isa = PBXShellScriptBuildPhase;
			buildActionMask = 2147483647;
			files = (
			);
			inputPaths = (
			);
			name = "[CP] Copy Pods Resources";
			outputPaths = (
			);
			runOnlyForDeploymentPostprocessing = 0;
			shellPath = /bin/sh;
			shellScript = "\"${SRCROOT}/Pods/Target Support Files/Pods-SeshhSocial/Pods-SeshhSocial-resources.sh\"\n";
			showEnvVarsInLog = 0;
		};
		4389297B76F3AFC6BD0F0CA7 /* [CP] Embed Pods Frameworks */ = {
			isa = PBXShellScriptBuildPhase;
			buildActionMask = 2147483647;
			files = (
			);
			inputPaths = (
			);
			name = "[CP] Embed Pods Frameworks";
			outputPaths = (
			);
			runOnlyForDeploymentPostprocessing = 0;
			shellPath = /bin/sh;
			shellScript = "\"${SRCROOT}/Pods/Target Support Files/Pods-SeshhSocial/Pods-SeshhSocial-frameworks.sh\"\n";
			showEnvVarsInLog = 0;
		};
		6C903DD958E0A31AAF3EA5BE /* [CP] Check Pods Manifest.lock */ = {
			isa = PBXShellScriptBuildPhase;
			buildActionMask = 2147483647;
			files = (
			);
			inputPaths = (
			);
			name = "[CP] Check Pods Manifest.lock";
			outputPaths = (
			);
			runOnlyForDeploymentPostprocessing = 0;
			shellPath = /bin/sh;
			shellScript = "diff \"${PODS_ROOT}/../Podfile.lock\" \"${PODS_ROOT}/Manifest.lock\" > /dev/null\nif [ $? != 0 ] ; then\n    # print error to STDERR\n    echo \"error: The sandbox is not in sync with the Podfile.lock. Run 'pod install' or update your CocoaPods installation.\" >&2\n    exit 1\nfi\n";
			showEnvVarsInLog = 0;
		};
/* End PBXShellScriptBuildPhase section */

/* Begin PBXSourcesBuildPhase section */
		CEFE812E1E5213B40044B134 /* Sources */ = {
			isa = PBXSourcesBuildPhase;
			buildActionMask = 2147483647;
			files = (
				CE0371931E567D1B00828855 /* ProfileImageView.swift in Sources */,
				CEB04B1E1E5E7D420081293E /* GeoFire.m in Sources */,
				CE03719E1E5A1FAD00828855 /* DataService.swift in Sources */,
				CE0371911E52793C00828855 /* SignUpVC.swift in Sources */,
				CE0371971E5749CC00828855 /* SeshhFeedVC.swift in Sources */,
				CEB04B0B1E5E6F090081293E /* WhosOnTheSeshhVC.swift in Sources */,
				CEB04B271E5FE9D00081293E /* SeshhScreenVC.swift in Sources */,
				CEB04B221E5E7D420081293E /* GFQuery.m in Sources */,
				CEFE81381E5213B50044B134 /* SignInVC.swift in Sources */,
				CE0371A01E5A454900828855 /* Post.swift in Sources */,
				CEB04B1F1E5E7D420081293E /* GFBase32Utils.m in Sources */,
				CEFE81521E523A890044B134 /* RoundButton.swift in Sources */,
				CE0371991E5749E600828855 /* CheckInVC.swift in Sources */,
				CEFE81501E52358A0044B134 /* Constants.swift in Sources */,
				CEB04B201E5E7D420081293E /* GFGeoHash.m in Sources */,
				CEB04B251E5F803C0081293E /* SeshhAnnotation.swift in Sources */,
				CEB04B211E5E7D420081293E /* GFGeoHashQuery.m in Sources */,
				CEFE81361E5213B50044B134 /* AppDelegate.swift in Sources */,
				CE0371C21E5D51D400828855 /* HeaderView.swift in Sources */,
				CEFE81541E523D3C0044B134 /* ModifiedTextField.swift in Sources */,
				CEFE814D1E5234CE0044B134 /* StandardDisplayView.swift in Sources */,
				CE0371951E5749A300828855 /* HomeScreenVC.swift in Sources */,
				CE03719B1E59799E00828855 /* PostCell.swift in Sources */,
			);
			runOnlyForDeploymentPostprocessing = 0;
		};
/* End PBXSourcesBuildPhase section */

/* Begin PBXVariantGroup section */
		CEFE81391E5213B50044B134 /* Main.storyboard */ = {
			isa = PBXVariantGroup;
			children = (
				CEFE813A1E5213B50044B134 /* Base */,
			);
			name = Main.storyboard;
			sourceTree = "<group>";
		};
		CEFE813E1E5213B50044B134 /* LaunchScreen.storyboard */ = {
			isa = PBXVariantGroup;
			children = (
				CEFE813F1E5213B50044B134 /* Base */,
			);
			name = LaunchScreen.storyboard;
			sourceTree = "<group>";
		};
/* End PBXVariantGroup section */

/* Begin XCBuildConfiguration section */
		CEFE81421E5213B50044B134 /* Debug */ = {
			isa = XCBuildConfiguration;
			buildSettings = {
				ALWAYS_SEARCH_USER_PATHS = NO;
				CLANG_ANALYZER_NONNULL = YES;
				CLANG_CXX_LANGUAGE_STANDARD = "gnu++0x";
				CLANG_CXX_LIBRARY = "libc++";
				CLANG_ENABLE_MODULES = YES;
				CLANG_ENABLE_OBJC_ARC = YES;
				CLANG_WARN_BOOL_CONVERSION = YES;
				CLANG_WARN_CONSTANT_CONVERSION = YES;
				CLANG_WARN_DIRECT_OBJC_ISA_USAGE = YES_ERROR;
				CLANG_WARN_DOCUMENTATION_COMMENTS = YES;
				CLANG_WARN_EMPTY_BODY = YES;
				CLANG_WARN_ENUM_CONVERSION = YES;
				CLANG_WARN_INFINITE_RECURSION = YES;
				CLANG_WARN_INT_CONVERSION = YES;
				CLANG_WARN_OBJC_ROOT_CLASS = YES_ERROR;
				CLANG_WARN_SUSPICIOUS_MOVE = YES;
				CLANG_WARN_UNREACHABLE_CODE = YES;
				CLANG_WARN__DUPLICATE_METHOD_MATCH = YES;
				"CODE_SIGN_IDENTITY[sdk=iphoneos*]" = "iPhone Developer";
				COPY_PHASE_STRIP = NO;
				DEBUG_INFORMATION_FORMAT = dwarf;
				ENABLE_STRICT_OBJC_MSGSEND = YES;
				ENABLE_TESTABILITY = YES;
				GCC_C_LANGUAGE_STANDARD = gnu99;
				GCC_DYNAMIC_NO_PIC = NO;
				GCC_NO_COMMON_BLOCKS = YES;
				GCC_OPTIMIZATION_LEVEL = 0;
				GCC_PREPROCESSOR_DEFINITIONS = (
					"DEBUG=1",
					"$(inherited)",
				);
				GCC_WARN_64_TO_32_BIT_CONVERSION = YES;
				GCC_WARN_ABOUT_RETURN_TYPE = YES_ERROR;
				GCC_WARN_UNDECLARED_SELECTOR = YES;
				GCC_WARN_UNINITIALIZED_AUTOS = YES_AGGRESSIVE;
				GCC_WARN_UNUSED_FUNCTION = YES;
				GCC_WARN_UNUSED_VARIABLE = YES;
				IPHONEOS_DEPLOYMENT_TARGET = 10.2;
				MTL_ENABLE_DEBUG_INFO = YES;
				ONLY_ACTIVE_ARCH = YES;
				SDKROOT = iphoneos;
				SWIFT_ACTIVE_COMPILATION_CONDITIONS = DEBUG;
				SWIFT_OPTIMIZATION_LEVEL = "-Onone";
				TARGETED_DEVICE_FAMILY = "1,2";
			};
			name = Debug;
		};
		CEFE81431E5213B50044B134 /* Release */ = {
			isa = XCBuildConfiguration;
			buildSettings = {
				ALWAYS_SEARCH_USER_PATHS = NO;
				CLANG_ANALYZER_NONNULL = YES;
				CLANG_CXX_LANGUAGE_STANDARD = "gnu++0x";
				CLANG_CXX_LIBRARY = "libc++";
				CLANG_ENABLE_MODULES = YES;
				CLANG_ENABLE_OBJC_ARC = YES;
				CLANG_WARN_BOOL_CONVERSION = YES;
				CLANG_WARN_CONSTANT_CONVERSION = YES;
				CLANG_WARN_DIRECT_OBJC_ISA_USAGE = YES_ERROR;
				CLANG_WARN_DOCUMENTATION_COMMENTS = YES;
				CLANG_WARN_EMPTY_BODY = YES;
				CLANG_WARN_ENUM_CONVERSION = YES;
				CLANG_WARN_INFINITE_RECURSION = YES;
				CLANG_WARN_INT_CONVERSION = YES;
				CLANG_WARN_OBJC_ROOT_CLASS = YES_ERROR;
				CLANG_WARN_SUSPICIOUS_MOVE = YES;
				CLANG_WARN_UNREACHABLE_CODE = YES;
				CLANG_WARN__DUPLICATE_METHOD_MATCH = YES;
				"CODE_SIGN_IDENTITY[sdk=iphoneos*]" = "iPhone Developer";
				COPY_PHASE_STRIP = NO;
				DEBUG_INFORMATION_FORMAT = "dwarf-with-dsym";
				ENABLE_NS_ASSERTIONS = NO;
				ENABLE_STRICT_OBJC_MSGSEND = YES;
				GCC_C_LANGUAGE_STANDARD = gnu99;
				GCC_NO_COMMON_BLOCKS = YES;
				GCC_WARN_64_TO_32_BIT_CONVERSION = YES;
				GCC_WARN_ABOUT_RETURN_TYPE = YES_ERROR;
				GCC_WARN_UNDECLARED_SELECTOR = YES;
				GCC_WARN_UNINITIALIZED_AUTOS = YES_AGGRESSIVE;
				GCC_WARN_UNUSED_FUNCTION = YES;
				GCC_WARN_UNUSED_VARIABLE = YES;
				IPHONEOS_DEPLOYMENT_TARGET = 10.2;
				MTL_ENABLE_DEBUG_INFO = NO;
				SDKROOT = iphoneos;
				SWIFT_OPTIMIZATION_LEVEL = "-Owholemodule";
				TARGETED_DEVICE_FAMILY = "1,2";
				VALIDATE_PRODUCT = YES;
			};
			name = Release;
		};
		CEFE81451E5213B50044B134 /* Debug */ = {
			isa = XCBuildConfiguration;
			baseConfigurationReference = 5BC85F21E9E31774F25FE87F /* Pods-SeshhSocial.debug.xcconfig */;
			buildSettings = {
				ASSETCATALOG_COMPILER_APPICON_NAME = AppIcon;
				DEVELOPMENT_TEAM = MPDGGLB3DM;
				INFOPLIST_FILE = SeshhSocial/Info.plist;
				LD_RUNPATH_SEARCH_PATHS = "$(inherited) @executable_path/Frameworks";
				PRODUCT_BUNDLE_IDENTIFIER = com.OGC.SeshhSocial;
				PRODUCT_NAME = "$(TARGET_NAME)";
				SWIFT_OBJC_BRIDGING_HEADER = "SeshhSocial/SeshhSocial-Bridging-Header.h";
				SWIFT_VERSION = 3.0;
			};
			name = Debug;
		};
		CEFE81461E5213B50044B134 /* Release */ = {
			isa = XCBuildConfiguration;
			baseConfigurationReference = F5EAA009A4D5604E3F6918C6 /* Pods-SeshhSocial.release.xcconfig */;
			buildSettings = {
				ASSETCATALOG_COMPILER_APPICON_NAME = AppIcon;
				DEVELOPMENT_TEAM = MPDGGLB3DM;
				INFOPLIST_FILE = SeshhSocial/Info.plist;
				LD_RUNPATH_SEARCH_PATHS = "$(inherited) @executable_path/Frameworks";
				PRODUCT_BUNDLE_IDENTIFIER = com.OGC.SeshhSocial;
				PRODUCT_NAME = "$(TARGET_NAME)";
				SWIFT_OBJC_BRIDGING_HEADER = "SeshhSocial/SeshhSocial-Bridging-Header.h";
				SWIFT_VERSION = 3.0;
			};
			name = Release;
		};
/* End XCBuildConfiguration section */

/* Begin XCConfigurationList section */
		CEFE812D1E5213B40044B134 /* Build configuration list for PBXProject "SeshhSocial" */ = {
			isa = XCConfigurationList;
			buildConfigurations = (
				CEFE81421E5213B50044B134 /* Debug */,
				CEFE81431E5213B50044B134 /* Release */,
			);
			defaultConfigurationIsVisible = 0;
			defaultConfigurationName = Release;
		};
		CEFE81441E5213B50044B134 /* Build configuration list for PBXNativeTarget "SeshhSocial" */ = {
			isa = XCConfigurationList;
			buildConfigurations = (
				CEFE81451E5213B50044B134 /* Debug */,
				CEFE81461E5213B50044B134 /* Release */,
			);
			defaultConfigurationIsVisible = 0;
			defaultConfigurationName = Release;
		};
/* End XCConfigurationList section */
	};
	rootObject = CEFE812A1E5213B40044B134 /* Project object */;
}
